// !$*UTF8*$!
{
	archiveVersion = 1;
	classes = {
	};
	objectVersion = 46;
	objects = {

/* Begin PBXBuildFile section */
		836110DF1B643617002C897D /* wallpaper-icon.jpg in Resources */ = {isa = PBXBuildFile; fileRef = 836110DE1B643617002C897D /* wallpaper-icon.jpg */; };
		836C0BB61B7E495A004340A1 /* MemeCustomTableCell.swift in Sources */ = {isa = PBXBuildFile; fileRef = 836C0BB51B7E495A004340A1 /* MemeCustomTableCell.swift */; };
		836E5C2D1B7AD624006035F0 /* collection_30x30.png in Resources */ = {isa = PBXBuildFile; fileRef = 836E5C251B7AD623006035F0 /* collection_30x30.png */; };
		836E5C2E1B7AD624006035F0 /* collection_60x60.png in Resources */ = {isa = PBXBuildFile; fileRef = 836E5C261B7AD623006035F0 /* collection_60x60.png */; };
		836E5C2F1B7AD624006035F0 /* table_30x30.png in Resources */ = {isa = PBXBuildFile; fileRef = 836E5C271B7AD623006035F0 /* table_30x30.png */; };
		836E5C301B7AD624006035F0 /* table_60x60.png in Resources */ = {isa = PBXBuildFile; fileRef = 836E5C281B7AD623006035F0 /* table_60x60.png */; };
		836E5C311B7AD624006035F0 /* table_90x90.png in Resources */ = {isa = PBXBuildFile; fileRef = 836E5C291B7AD623006035F0 /* table_90x90.png */; };
		836E5C321B7AD624006035F0 /* collection_90x90.png in Resources */ = {isa = PBXBuildFile; fileRef = 836E5C2A1B7AD623006035F0 /* collection_90x90.png */; };
		836E5C331B7AD624006035F0 /* MemeGenerator_120 copy.png in Resources */ = {isa = PBXBuildFile; fileRef = 836E5C2B1B7AD623006035F0 /* MemeGenerator_120 copy.png */; };
		836E5C341B7AD624006035F0 /* MemeGenerator_180 copy.png in Resources */ = {isa = PBXBuildFile; fileRef = 836E5C2C1B7AD623006035F0 /* MemeGenerator_180 copy.png */; };
		83707FB31B741091007714F1 /* MemeTableVC.swift in Sources */ = {isa = PBXBuildFile; fileRef = 83707FB21B741091007714F1 /* MemeTableVC.swift */; };
		83707FB51B7410C1007714F1 /* MemeCollectionVC.swift in Sources */ = {isa = PBXBuildFile; fileRef = 83707FB41B7410C1007714F1 /* MemeCollectionVC.swift */; };
		83707FB71B746374007714F1 /* MemeCustomCollectionCell.swift in Sources */ = {isa = PBXBuildFile; fileRef = 83707FB61B746374007714F1 /* MemeCustomCollectionCell.swift */; };
		83707FB91B7466A9007714F1 /* MemeDetailVC.swift in Sources */ = {isa = PBXBuildFile; fileRef = 83707FB81B7466A9007714F1 /* MemeDetailVC.swift */; };
		83C86C671B643A5B00802EC5 /* camIcon-.jpg in Resources */ = {isa = PBXBuildFile; fileRef = 83C86C661B643A5B00802EC5 /* camIcon-.jpg */; };
		83C86C691B643AEF00802EC5 /* camIcon-.png in Resources */ = {isa = PBXBuildFile; fileRef = 83C86C681B643AEF00802EC5 /* camIcon-.png */; };
		83C86C6B1B643C1A00802EC5 /* Camera-50.png in Resources */ = {isa = PBXBuildFile; fileRef = 83C86C6A1B643C1A00802EC5 /* Camera-50.png */; };
		83C86C6D1B643C6500802EC5 /* Stack of Photos-50.png in Resources */ = {isa = PBXBuildFile; fileRef = 83C86C6C1B643C6500802EC5 /* Stack of Photos-50.png */; };
		83C86C6F1B643C8900802EC5 /* Gallery-50.png in Resources */ = {isa = PBXBuildFile; fileRef = 83C86C6E1B643C8900802EC5 /* Gallery-50.png */; };
		83E4BC831B57521E0077AAB3 /* AppDelegate.swift in Sources */ = {isa = PBXBuildFile; fileRef = 83E4BC821B57521E0077AAB3 /* AppDelegate.swift */; };
		83E4BC851B57521E0077AAB3 /* memeEditorVC.swift in Sources */ = {isa = PBXBuildFile; fileRef = 83E4BC841B57521E0077AAB3 /* memeEditorVC.swift */; };
		83E4BC881B57521E0077AAB3 /* Main.storyboard in Resources */ = {isa = PBXBuildFile; fileRef = 83E4BC861B57521E0077AAB3 /* Main.storyboard */; };
		83E4BC8A1B57521E0077AAB3 /* Images.xcassets in Resources */ = {isa = PBXBuildFile; fileRef = 83E4BC891B57521E0077AAB3 /* Images.xcassets */; };
		83E4BC8D1B57521E0077AAB3 /* LaunchScreen.xib in Resources */ = {isa = PBXBuildFile; fileRef = 83E4BC8B1B57521E0077AAB3 /* LaunchScreen.xib */; };
		83E4BC991B57521E0077AAB3 /* MemeTestingTests.swift in Sources */ = {isa = PBXBuildFile; fileRef = 83E4BC981B57521E0077AAB3 /* MemeTestingTests.swift */; };
		83E4BCA31B61E5DB0077AAB3 /* Meme.swift in Sources */ = {isa = PBXBuildFile; fileRef = 83E4BCA21B61E5DB0077AAB3 /* Meme.swift */; };
/* End PBXBuildFile section */

/* Begin PBXContainerItemProxy section */
		83E4BC931B57521E0077AAB3 /* PBXContainerItemProxy */ = {
			isa = PBXContainerItemProxy;
			containerPortal = 83E4BC751B57521E0077AAB3 /* Project object */;
			proxyType = 1;
			remoteGlobalIDString = 83E4BC7C1B57521E0077AAB3;
			remoteInfo = MemeTesting;
		};
/* End PBXContainerItemProxy section */

/* Begin PBXFileReference section */
		836110DE1B643617002C897D /* wallpaper-icon.jpg */ = {isa = PBXFileReference; lastKnownFileType = image.jpeg; path = "wallpaper-icon.jpg"; sourceTree = "<group>"; };
		836C0BB51B7E495A004340A1 /* MemeCustomTableCell.swift */ = {isa = PBXFileReference; fileEncoding = 4; lastKnownFileType = sourcecode.swift; path = MemeCustomTableCell.swift; sourceTree = "<group>"; };
		836E5C251B7AD623006035F0 /* collection_30x30.png */ = {isa = PBXFileReference; lastKnownFileType = image.png; path = collection_30x30.png; sourceTree = "<group>"; };
		836E5C261B7AD623006035F0 /* collection_60x60.png */ = {isa = PBXFileReference; lastKnownFileType = image.png; path = collection_60x60.png; sourceTree = "<group>"; };
		836E5C271B7AD623006035F0 /* table_30x30.png */ = {isa = PBXFileReference; lastKnownFileType = image.png; path = table_30x30.png; sourceTree = "<group>"; };
		836E5C281B7AD623006035F0 /* table_60x60.png */ = {isa = PBXFileReference; lastKnownFileType = image.png; path = table_60x60.png; sourceTree = "<group>"; };
		836E5C291B7AD623006035F0 /* table_90x90.png */ = {isa = PBXFileReference; lastKnownFileType = image.png; path = table_90x90.png; sourceTree = "<group>"; };
		836E5C2A1B7AD623006035F0 /* collection_90x90.png */ = {isa = PBXFileReference; lastKnownFileType = image.png; path = collection_90x90.png; sourceTree = "<group>"; };
		836E5C2B1B7AD623006035F0 /* MemeGenerator_120 copy.png */ = {isa = PBXFileReference; lastKnownFileType = image.png; path = "MemeGenerator_120 copy.png"; sourceTree = "<group>"; };
		836E5C2C1B7AD623006035F0 /* MemeGenerator_180 copy.png */ = {isa = PBXFileReference; lastKnownFileType = image.png; path = "MemeGenerator_180 copy.png"; sourceTree = "<group>"; };
		83707FB21B741091007714F1 /* MemeTableVC.swift */ = {isa = PBXFileReference; fileEncoding = 4; lastKnownFileType = sourcecode.swift; path = MemeTableVC.swift; sourceTree = "<group>"; };
		83707FB41B7410C1007714F1 /* MemeCollectionVC.swift */ = {isa = PBXFileReference; fileEncoding = 4; lastKnownFileType = sourcecode.swift; path = MemeCollectionVC.swift; sourceTree = "<group>"; };
		83707FB61B746374007714F1 /* MemeCustomCollectionCell.swift */ = {isa = PBXFileReference; fileEncoding = 4; lastKnownFileType = sourcecode.swift; path = MemeCustomCollectionCell.swift; sourceTree = "<group>"; };
		83707FB81B7466A9007714F1 /* MemeDetailVC.swift */ = {isa = PBXFileReference; fileEncoding = 4; lastKnownFileType = sourcecode.swift; path = MemeDetailVC.swift; sourceTree = "<group>"; };
		83C86C661B643A5B00802EC5 /* camIcon-.jpg */ = {isa = PBXFileReference; lastKnownFileType = image.jpeg; name = "camIcon-.jpg"; path = "MemeTestingTests/camIcon-.jpg"; sourceTree = SOURCE_ROOT; };
		83C86C681B643AEF00802EC5 /* camIcon-.png */ = {isa = PBXFileReference; lastKnownFileType = image.png; path = "camIcon-.png"; sourceTree = "<group>"; };
		83C86C6A1B643C1A00802EC5 /* Camera-50.png */ = {isa = PBXFileReference; lastKnownFileType = image.png; path = "Camera-50.png"; sourceTree = "<group>"; };
		83C86C6C1B643C6500802EC5 /* Stack of Photos-50.png */ = {isa = PBXFileReference; lastKnownFileType = image.png; path = "Stack of Photos-50.png"; sourceTree = "<group>"; };
		83C86C6E1B643C8900802EC5 /* Gallery-50.png */ = {isa = PBXFileReference; lastKnownFileType = image.png; path = "Gallery-50.png"; sourceTree = "<group>"; };
		83E4BC7D1B57521E0077AAB3 /* MemeApp.app */ = {isa = PBXFileReference; explicitFileType = wrapper.application; includeInIndex = 0; path = MemeApp.app; sourceTree = BUILT_PRODUCTS_DIR; };
		83E4BC811B57521E0077AAB3 /* Info.plist */ = {isa = PBXFileReference; lastKnownFileType = text.plist.xml; path = Info.plist; sourceTree = "<group>"; };
		83E4BC821B57521E0077AAB3 /* AppDelegate.swift */ = {isa = PBXFileReference; lastKnownFileType = sourcecode.swift; path = AppDelegate.swift; sourceTree = "<group>"; };
		83E4BC841B57521E0077AAB3 /* memeEditorVC.swift */ = {isa = PBXFileReference; lastKnownFileType = sourcecode.swift; path = memeEditorVC.swift; sourceTree = "<group>"; };
		83E4BC871B57521E0077AAB3 /* Base */ = {isa = PBXFileReference; lastKnownFileType = file.storyboard; name = Base; path = Base.lproj/Main.storyboard; sourceTree = "<group>"; };
		83E4BC891B57521E0077AAB3 /* Images.xcassets */ = {isa = PBXFileReference; lastKnownFileType = folder.assetcatalog; path = Images.xcassets; sourceTree = "<group>"; };
		83E4BC8C1B57521E0077AAB3 /* Base */ = {isa = PBXFileReference; lastKnownFileType = file.xib; name = Base; path = Base.lproj/LaunchScreen.xib; sourceTree = "<group>"; };
		83E4BC921B57521E0077AAB3 /* MemeApp.Tests.xctest */ = {isa = PBXFileReference; explicitFileType = wrapper.cfbundle; includeInIndex = 0; path = MemeApp.Tests.xctest; sourceTree = BUILT_PRODUCTS_DIR; };
		83E4BC971B57521E0077AAB3 /* Info.plist */ = {isa = PBXFileReference; lastKnownFileType = text.plist.xml; path = Info.plist; sourceTree = "<group>"; };
		83E4BC981B57521E0077AAB3 /* MemeTestingTests.swift */ = {isa = PBXFileReference; lastKnownFileType = sourcecode.swift; name = MemeTestingTests.swift; path = MemeTestingTests/MemeTestingTests.swift; sourceTree = SOURCE_ROOT; };
		83E4BCA21B61E5DB0077AAB3 /* Meme.swift */ = {isa = PBXFileReference; fileEncoding = 4; lastKnownFileType = sourcecode.swift; path = Meme.swift; sourceTree = "<group>"; };
/* End PBXFileReference section */

/* Begin PBXFrameworksBuildPhase section */
		83E4BC7A1B57521E0077AAB3 /* Frameworks */ = {
			isa = PBXFrameworksBuildPhase;
			buildActionMask = 2147483647;
			files = (
			);
			runOnlyForDeploymentPostprocessing = 0;
		};
		83E4BC8F1B57521E0077AAB3 /* Frameworks */ = {
			isa = PBXFrameworksBuildPhase;
			buildActionMask = 2147483647;
			files = (
			);
			runOnlyForDeploymentPostprocessing = 0;
		};
/* End PBXFrameworksBuildPhase section */

/* Begin PBXGroup section */
		83E4BC741B57521E0077AAB3 = {
			isa = PBXGroup;
			children = (
				83E4BC7F1B57521E0077AAB3 /* MemeApp */,
				83E4BC951B57521E0077AAB3 /* MemeTestingTests */,
				83E4BC7E1B57521E0077AAB3 /* Products */,
			);
			sourceTree = "<group>";
		};
		83E4BC7E1B57521E0077AAB3 /* Products */ = {
			isa = PBXGroup;
			children = (
				83E4BC7D1B57521E0077AAB3 /* MemeApp.app */,
				83E4BC921B57521E0077AAB3 /* MemeApp.Tests.xctest */,
			);
			name = Products;
			sourceTree = "<group>";
		};
		83E4BC7F1B57521E0077AAB3 /* MemeApp */ = {
			isa = PBXGroup;
			children = (
				83E4BC821B57521E0077AAB3 /* AppDelegate.swift */,
				83E4BC841B57521E0077AAB3 /* memeEditorVC.swift */,
				83707FB41B7410C1007714F1 /* MemeCollectionVC.swift */,
				83707FB21B741091007714F1 /* MemeTableVC.swift */,
				83E4BC861B57521E0077AAB3 /* Main.storyboard */,
				83E4BCA21B61E5DB0077AAB3 /* Meme.swift */,
				83707FB81B7466A9007714F1 /* MemeDetailVC.swift */,
				83E4BC891B57521E0077AAB3 /* Images.xcassets */,
				83E4BC8B1B57521E0077AAB3 /* LaunchScreen.xib */,
				83E4BC801B57521E0077AAB3 /* Supporting Files */,
			);
			name = MemeApp;
			path = MemeTesting;
			sourceTree = "<group>";
		};
		83E4BC801B57521E0077AAB3 /* Supporting Files */ = {
			isa = PBXGroup;
			children = (
				836E5C251B7AD623006035F0 /* collection_30x30.png */,
				836E5C261B7AD623006035F0 /* collection_60x60.png */,
				836E5C271B7AD623006035F0 /* table_30x30.png */,
				836E5C281B7AD623006035F0 /* table_60x60.png */,
				836E5C291B7AD623006035F0 /* table_90x90.png */,
				836E5C2A1B7AD623006035F0 /* collection_90x90.png */,
				836E5C2C1B7AD623006035F0 /* MemeGenerator_180 copy.png */,
				836E5C2B1B7AD623006035F0 /* MemeGenerator_120 copy.png */,
				83C86C6C1B643C6500802EC5 /* Stack of Photos-50.png */,
				83C86C6E1B643C8900802EC5 /* Gallery-50.png */,
				83C86C6A1B643C1A00802EC5 /* Camera-50.png */,
				83C86C681B643AEF00802EC5 /* camIcon-.png */,
				83E4BC811B57521E0077AAB3 /* Info.plist */,
				836110DE1B643617002C897D /* wallpaper-icon.jpg */,
				83C86C661B643A5B00802EC5 /* camIcon-.jpg */,
				83707FB61B746374007714F1 /* MemeCustomCollectionCell.swift */,
				836C0BB51B7E495A004340A1 /* MemeCustomTableCell.swift */,
			);
			name = "Supporting Files";
			sourceTree = "<group>";
		};
		83E4BC951B57521E0077AAB3 /* MemeTestingTests */ = {
			isa = PBXGroup;
			children = (
				83E4BC981B57521E0077AAB3 /* MemeTestingTests.swift */,
				83E4BC961B57521E0077AAB3 /* Supporting Files */,
			);
			path = MemeTestingTests;
			sourceTree = "<group>";
		};
		83E4BC961B57521E0077AAB3 /* Supporting Files */ = {
			isa = PBXGroup;
			children = (
				83E4BC971B57521E0077AAB3 /* Info.plist */,
			);
			name = "Supporting Files";
			sourceTree = "<group>";
		};
/* End PBXGroup section */

/* Begin PBXNativeTarget section */
		83E4BC7C1B57521E0077AAB3 /* MemeApp */ = {
			isa = PBXNativeTarget;
			buildConfigurationList = 83E4BC9C1B57521E0077AAB3 /* Build configuration list for PBXNativeTarget "MemeApp" */;
			buildPhases = (
				83E4BC791B57521E0077AAB3 /* Sources */,
				83E4BC7A1B57521E0077AAB3 /* Frameworks */,
				83E4BC7B1B57521E0077AAB3 /* Resources */,
			);
			buildRules = (
			);
			dependencies = (
			);
			name = MemeApp;
			productName = MemeTesting;
			productReference = 83E4BC7D1B57521E0077AAB3 /* MemeApp.app */;
			productType = "com.apple.product-type.application";
		};
		83E4BC911B57521E0077AAB3 /* MemeApp.Tests */ = {
			isa = PBXNativeTarget;
			buildConfigurationList = 83E4BC9F1B57521E0077AAB3 /* Build configuration list for PBXNativeTarget "MemeApp.Tests" */;
			buildPhases = (
				83E4BC8E1B57521E0077AAB3 /* Sources */,
				83E4BC8F1B57521E0077AAB3 /* Frameworks */,
				83E4BC901B57521E0077AAB3 /* Resources */,
			);
			buildRules = (
			);
			dependencies = (
				83E4BC941B57521E0077AAB3 /* PBXTargetDependency */,
			);
			name = MemeApp.Tests;
			productName = MemeTestingTests;
			productReference = 83E4BC921B57521E0077AAB3 /* MemeApp.Tests.xctest */;
			productType = "com.apple.product-type.bundle.unit-test";
		};
/* End PBXNativeTarget section */

/* Begin PBXProject section */
		83E4BC751B57521E0077AAB3 /* Project object */ = {
			isa = PBXProject;
			attributes = {
				LastUpgradeCheck = 0640;
				ORGANIZATIONNAME = CWatson;
				TargetAttributes = {
					83E4BC7C1B57521E0077AAB3 = {
						CreatedOnToolsVersion = 6.4;
					};
					83E4BC911B57521E0077AAB3 = {
						CreatedOnToolsVersion = 6.4;
						TestTargetID = 83E4BC7C1B57521E0077AAB3;
					};
				};
			};
			buildConfigurationList = 83E4BC781B57521E0077AAB3 /* Build configuration list for PBXProject "MemeApp" */;
			compatibilityVersion = "Xcode 3.2";
			developmentRegion = English;
			hasScannedForEncodings = 0;
			knownRegions = (
				en,
				Base,
			);
			mainGroup = 83E4BC741B57521E0077AAB3;
			productRefGroup = 83E4BC7E1B57521E0077AAB3 /* Products */;
			projectDirPath = "";
			projectRoot = "";
			targets = (
				83E4BC7C1B57521E0077AAB3 /* MemeApp */,
				83E4BC911B57521E0077AAB3 /* MemeApp.Tests */,
			);
		};
/* End PBXProject section */

/* Begin PBXResourcesBuildPhase section */
		83E4BC7B1B57521E0077AAB3 /* Resources */ = {
			isa = PBXResourcesBuildPhase;
			buildActionMask = 2147483647;
			files = (
				836E5C2E1B7AD624006035F0 /* collection_60x60.png in Resources */,
				836E5C301B7AD624006035F0 /* table_60x60.png in Resources */,
				83E4BC881B57521E0077AAB3 /* Main.storyboard in Resources */,
				836E5C2D1B7AD624006035F0 /* collection_30x30.png in Resources */,
				83C86C6D1B643C6500802EC5 /* Stack of Photos-50.png in Resources */,
				836E5C2F1B7AD624006035F0 /* table_30x30.png in Resources */,
				83C86C6B1B643C1A00802EC5 /* Camera-50.png in Resources */,
				83C86C6F1B643C8900802EC5 /* Gallery-50.png in Resources */,
				83E4BC8D1B57521E0077AAB3 /* LaunchScreen.xib in Resources */,
				83E4BC8A1B57521E0077AAB3 /* Images.xcassets in Resources */,
				836E5C321B7AD624006035F0 /* collection_90x90.png in Resources */,
				836E5C341B7AD624006035F0 /* MemeGenerator_180 copy.png in Resources */,
				836E5C331B7AD624006035F0 /* MemeGenerator_120 copy.png in Resources */,
				836E5C311B7AD624006035F0 /* table_90x90.png in Resources */,
				83C86C691B643AEF00802EC5 /* camIcon-.png in Resources */,
				836110DF1B643617002C897D /* wallpaper-icon.jpg in Resources */,
			);
			runOnlyForDeploymentPostprocessing = 0;
		};
		83E4BC901B57521E0077AAB3 /* Resources */ = {
			isa = PBXResourcesBuildPhase;
			buildActionMask = 2147483647;
			files = (
				83C86C671B643A5B00802EC5 /* camIcon-.jpg in Resources */,
			);
			runOnlyForDeploymentPostprocessing = 0;
		};
/* End PBXResourcesBuildPhase section */

/* Begin PBXSourcesBuildPhase section */
		83E4BC791B57521E0077AAB3 /* Sources */ = {
			isa = PBXSourcesBuildPhase;
			buildActionMask = 2147483647;
			files = (
				83707FB51B7410C1007714F1 /* MemeCollectionVC.swift in Sources */,
				83E4BCA31B61E5DB0077AAB3 /* Meme.swift in Sources */,
				83707FB71B746374007714F1 /* MemeCustomCollectionCell.swift in Sources */,
				836C0BB61B7E495A004340A1 /* MemeCustomTableCell.swift in Sources */,
				83707FB91B7466A9007714F1 /* MemeDetailVC.swift in Sources */,
				83E4BC851B57521E0077AAB3 /* memeEditorVC.swift in Sources */,
				83707FB31B741091007714F1 /* MemeTableVC.swift in Sources */,
				83E4BC831B57521E0077AAB3 /* AppDelegate.swift in Sources */,
			);
			runOnlyForDeploymentPostprocessing = 0;
		};
		83E4BC8E1B57521E0077AAB3 /* Sources */ = {
			isa = PBXSourcesBuildPhase;
			buildActionMask = 2147483647;
			files = (
				83E4BC991B57521E0077AAB3 /* MemeTestingTests.swift in Sources */,
			);
			runOnlyForDeploymentPostprocessing = 0;
		};
/* End PBXSourcesBuildPhase section */

/* Begin PBXTargetDependency section */
		83E4BC941B57521E0077AAB3 /* PBXTargetDependency */ = {
			isa = PBXTargetDependency;
			target = 83E4BC7C1B57521E0077AAB3 /* MemeApp */;
			targetProxy = 83E4BC931B57521E0077AAB3 /* PBXContainerItemProxy */;
		};
/* End PBXTargetDependency section */

/* Begin PBXVariantGroup section */
		83E4BC861B57521E0077AAB3 /* Main.storyboard */ = {
			isa = PBXVariantGroup;
			children = (
				83E4BC871B57521E0077AAB3 /* Base */,
			);
			name = Main.storyboard;
			sourceTree = "<group>";
		};
		83E4BC8B1B57521E0077AAB3 /* LaunchScreen.xib */ = {
			isa = PBXVariantGroup;
			children = (
				83E4BC8C1B57521E0077AAB3 /* Base */,
			);
			name = LaunchScreen.xib;
			sourceTree = "<group>";
		};
/* End PBXVariantGroup section */

/* Begin XCBuildConfiguration section */
		83E4BC9A1B57521E0077AAB3 /* Debug */ = {
			isa = XCBuildConfiguration;
			buildSettings = {
				ALWAYS_SEARCH_USER_PATHS = NO;
				CLANG_CXX_LANGUAGE_STANDARD = "gnu++0x";
				CLANG_CXX_LIBRARY = "libc++";
				CLANG_ENABLE_MODULES = YES;
				CLANG_ENABLE_OBJC_ARC = YES;
				CLANG_WARN_BOOL_CONVERSION = YES;
				CLANG_WARN_CONSTANT_CONVERSION = YES;
				CLANG_WARN_DIRECT_OBJC_ISA_USAGE = YES_ERROR;
				CLANG_WARN_EMPTY_BODY = YES;
				CLANG_WARN_ENUM_CONVERSION = YES;
				CLANG_WARN_INT_CONVERSION = YES;
				CLANG_WARN_OBJC_ROOT_CLASS = YES_ERROR;
				CLANG_WARN_UNREACHABLE_CODE = YES;
				CLANG_WARN__DUPLICATE_METHOD_MATCH = YES;
				"CODE_SIGN_IDENTITY[sdk=iphoneos*]" = "iPhone Developer";
				COPY_PHASE_STRIP = NO;
				DEBUG_INFORMATION_FORMAT = "dwarf-with-dsym";
				ENABLE_STRICT_OBJC_MSGSEND = YES;
				GCC_C_LANGUAGE_STANDARD = gnu99;
				GCC_DYNAMIC_NO_PIC = NO;
				GCC_NO_COMMON_BLOCKS = YES;
				GCC_OPTIMIZATION_LEVEL = 0;
				GCC_PREPROCESSOR_DEFINITIONS = (
					"DEBUG=1",
					"$(inherited)",
				);
				GCC_SYMBOLS_PRIVATE_EXTERN = NO;
				GCC_WARN_64_TO_32_BIT_CONVERSION = YES;
				GCC_WARN_ABOUT_RETURN_TYPE = YES_ERROR;
				GCC_WARN_UNDECLARED_SELECTOR = YES;
				GCC_WARN_UNINITIALIZED_AUTOS = YES_AGGRESSIVE;
				GCC_WARN_UNUSED_FUNCTION = YES;
				GCC_WARN_UNUSED_VARIABLE = YES;
				IPHONEOS_DEPLOYMENT_TARGET = 8.4;
				MTL_ENABLE_DEBUG_INFO = YES;
				ONLY_ACTIVE_ARCH = YES;
				SDKROOT = iphoneos;
				SWIFT_OPTIMIZATION_LEVEL = "-Onone";
			};
			name = Debug;
		};
		83E4BC9B1B57521E0077AAB3 /* Release */ = {
			isa = XCBuildConfiguration;
			buildSettings = {
				ALWAYS_SEARCH_USER_PATHS = NO;
				CLANG_CXX_LANGUAGE_STANDARD = "gnu++0x";
				CLANG_CXX_LIBRARY = "libc++";
				CLANG_ENABLE_MODULES = YES;
				CLANG_ENABLE_OBJC_ARC = YES;
				CLANG_WARN_BOOL_CONVERSION = YES;
				CLANG_WARN_CONSTANT_CONVERSION = YES;
				CLANG_WARN_DIRECT_OBJC_ISA_USAGE = YES_ERROR;
				CLANG_WARN_EMPTY_BODY = YES;
				CLANG_WARN_ENUM_CONVERSION = YES;
				CLANG_WARN_INT_CONVERSION = YES;
				CLANG_WARN_OBJC_ROOT_CLASS = YES_ERROR;
				CLANG_WARN_UNREACHABLE_CODE = YES;
				CLANG_WARN__DUPLICATE_METHOD_MATCH = YES;
				"CODE_SIGN_IDENTITY[sdk=iphoneos*]" = "iPhone Developer";
				COPY_PHASE_STRIP = NO;
				DEBUG_INFORMATION_FORMAT = "dwarf-with-dsym";
				ENABLE_NS_ASSERTIONS = NO;
				ENABLE_STRICT_OBJC_MSGSEND = YES;
				GCC_C_LANGUAGE_STANDARD = gnu99;
				GCC_NO_COMMON_BLOCKS = YES;
				GCC_WARN_64_TO_32_BIT_CONVERSION = YES;
				GCC_WARN_ABOUT_RETURN_TYPE = YES_ERROR;
				GCC_WARN_UNDECLARED_SELECTOR = YES;
				GCC_WARN_UNINITIALIZED_AUTOS = YES_AGGRESSIVE;
				GCC_WARN_UNUSED_FUNCTION = YES;
				GCC_WARN_UNUSED_VARIABLE = YES;
				IPHONEOS_DEPLOYMENT_TARGET = 8.4;
				MTL_ENABLE_DEBUG_INFO = NO;
				SDKROOT = iphoneos;
				VALIDATE_PRODUCT = YES;
			};
			name = Release;
		};
		83E4BC9D1B57521E0077AAB3 /* Debug */ = {
			isa = XCBuildConfiguration;
			buildSettings = {
				ASSETCATALOG_COMPILER_APPICON_NAME = AppIcon;
				INFOPLIST_FILE = MemeTesting/Info.plist;
				LD_RUNPATH_SEARCH_PATHS = "$(inherited) @executable_path/Frameworks";
				PRODUCT_NAME = MemeApp;
			};
			name = Debug;
		};
		83E4BC9E1B57521E0077AAB3 /* Release */ = {
			isa = XCBuildConfiguration;
			buildSettings = {
				ASSETCATALOG_COMPILER_APPICON_NAME = AppIcon;
				INFOPLIST_FILE = MemeTesting/Info.plist;
				LD_RUNPATH_SEARCH_PATHS = "$(inherited) @executable_path/Frameworks";
				PRODUCT_NAME = MemeApp;
			};
			name = Release;
		};
		83E4BCA01B57521E0077AAB3 /* Debug */ = {
			isa = XCBuildConfiguration;
			buildSettings = {
				BUNDLE_LOADER = "$(TEST_HOST)";
				FRAMEWORK_SEARCH_PATHS = (
					"$(SDKROOT)/Developer/Library/Frameworks",
					"$(inherited)",
				);
				GCC_PREPROCESSOR_DEFINITIONS = (
					"DEBUG=1",
					"$(inherited)",
				);
				INFOPLIST_FILE = MemeTestingTests/Info.plist;
				LD_RUNPATH_SEARCH_PATHS = "$(inherited) @executable_path/Frameworks @loader_path/Frameworks";
				PRODUCT_NAME = MemeApp.Tests;
				TEST_HOST = "$(BUILT_PRODUCTS_DIR)/MemeTesting.app/MemeTesting";
			};
			name = Debug;
		};
		83E4BCA11B57521E0077AAB3 /* Release */ = {
			isa = XCBuildConfiguration;
			buildSettings = {
				BUNDLE_LOADER = "$(TEST_HOST)";
				FRAMEWORK_SEARCH_PATHS = (
					"$(SDKROOT)/Developer/Library/Frameworks",
					"$(inherited)",
				);
				INFOPLIST_FILE = MemeTestingTests/Info.plist;
				LD_RUNPATH_SEARCH_PATHS = "$(inherited) @executable_path/Frameworks @loader_path/Frameworks";
				PRODUCT_NAME = MemeApp.Tests;
				TEST_HOST = "$(BUILT_PRODUCTS_DIR)/MemeTesting.app/MemeTesting";
			};
			name = Release;
		};
/* End XCBuildConfiguration section */

/* Begin XCConfigurationList section */
		83E4BC781B57521E0077AAB3 /* Build configuration list for PBXProject "MemeApp" */ = {
			isa = XCConfigurationList;
			buildConfigurations = (
				83E4BC9A1B57521E0077AAB3 /* Debug */,
				83E4BC9B1B57521E0077AAB3 /* Release */,
			);
			defaultConfigurationIsVisible = 0;
			defaultConfigurationName = Release;
		};
		83E4BC9C1B57521E0077AAB3 /* Build configuration list for PBXNativeTarget "MemeApp" */ = {
			isa = XCConfigurationList;
			buildConfigurations = (
				83E4BC9D1B57521E0077AAB3 /* Debug */,
				83E4BC9E1B57521E0077AAB3 /* Release */,
			);
			defaultConfigurationIsVisible = 0;
			defaultConfigurationName = Release;
		};
		83E4BC9F1B57521E0077AAB3 /* Build configuration list for PBXNativeTarget "MemeApp.Tests" */ = {
			isa = XCConfigurationList;
			buildConfigurations = (
				83E4BCA01B57521E0077AAB3 /* Debug */,
				83E4BCA11B57521E0077AAB3 /* Release */,
			);
			defaultConfigurationIsVisible = 0;
			defaultConfigurationName = Release;
		};
/* End XCConfigurationList section */
	};
	rootObject = 83E4BC751B57521E0077AAB3 /* Project object */;
}
